{
  "name": "HireLoop",
  "lockfileVersion": 3,
  "requires": true,
  "packages": {
    "": {
      "dependencies": {
        "@gravity-ui/icons": "^2.18.0"
      }
    },
    "node_modules/@gravity-ui/icons": {
      "version": "2.18.0",
      "resolved": "https://registry.npmjs.org/@gravity-ui/icons/-/icons-2.18.0.tgz",
      "integrity": "sha512-JoRc/4Ch9GLaufZfpGd2ePRRisMXEjMI+r3y8kPKyYIAdQZz07jpIXEgsft1gvBxjSht2MS2uu5+vfhe1WP0ow==",
      "license": "MIT",
      "dependencies": {
        "tslib": "^2.8.1"
      },
      "peerDependencies": {
        "react": "*"
      },
      "peerDependenciesMeta": {
        "react": {
          "optional": true
        }
      }
    },
    "node_modules/tslib": {
      "version": "2.8.1",
      "resolved": "https://registry.npmjs.org/tslib/-/tslib-2.8.1.tgz",
      "integrity": "sha512-oJFu94HQb+KVduSUQL7wnpmqnfmLsOA/nAh6b6EH0wCEoK0/mPeXU6c3wKDV83MkOuHPRHtSXKKU99IBazS/2w==",
      "license": "0BSD"
    }
  }
}
